Microsoft Visual Studio Solution File, Format Version 12.00
# Visual Studio Version 18
VisualStudioVersion = 18.2.11415.280
MinimumVisualStudioVersion = 10.0.40219.1
Project("{FAE04EC0-301F-11D3-BF4B-00C04F79EFBC}") = "DarwinDll", "..\DarwinDll\DarwinDll.csproj", "{66D110A8-7943-4400-860A-12FD9BC084DC}"
EndProject
Project("{FAE04EC0-301F-11D3-BF4B-00C04F79EFBC}") = "DarwinXNA", "DarwinXNA.csproj", "{BCC1B9E7-D4DE-4E05-A54F-1610D80510FD}"
EndProject
Global
	GlobalSection(SolutionConfigurationPlatforms) = preSolution
		Debug|Any CPU = Debug|Any CPU
		Release|Any CPU = Release|Any CPU
	EndGlobalSection
	GlobalSection(ProjectConfigurationPlatforms) = postSolution
		{66D110A8-7943-4400-860A-12FD9BC084DC}.Debug|Any CPU.ActiveCfg = Debug|Any CPU
		{66D110A8-7943-4400-860A-12FD9BC084DC}.Debug|Any CPU.Build.0 = Debug|Any CPU
		{66D110A8-7943-4400-860A-12FD9BC084DC}.Release|Any CPU.ActiveCfg = Release|Any CPU
		{66D110A8-7943-4400-860A-12FD9BC084DC}.Release|Any CPU.Build.0 = Release|Any CPU
		{BCC1B9E7-D4DE-4E05-A54F-1610D80510FD}.Debug|Any CPU.ActiveCfg = Debug|Any CPU
		{BCC1B9E7-D4DE-4E05-A54F-1610D80510FD}.Debug|Any CPU.Build.0 = Debug|Any CPU
		{BCC1B9E7-D4DE-4E05-A54F-1610D80510FD}.Release|Any CPU.ActiveCfg = Release|Any CPU
		{BCC1B9E7-D4DE-4E05-A54F-1610D80510FD}.Release|Any CPU.Build.0 = Release|Any CPU
	EndGlobalSection
	GlobalSection(SolutionProperties) = preSolution
		HideSolutionNode = FALSE
	EndGlobalSection
	GlobalSection(ExtensibilityGlobals) = postSolution
		SolutionGuid = {B1DAA4E4-A0D5-4951-B0FD-F5A208B5D4A7}
	EndGlobalSection
EndGlobal
