
Microsoft Visual Studio Solution File, Format Version 9.00
# Visual C# Express 2005
Project("{FAE04EC0-301F-11D3-BF4B-00C04F79EFBC}") = "DarwinDLL_CS", "DarwinDLL_CS.csproj", "{66D110A8-7943-4400-860A-12FD9BC084DC}"
EndProject
Global
	GlobalSection(SolutionConfigurationPlatforms) = preSolution
		Debug|Any CPU = Debug|Any CPU
		Release|Any CPU = Release|Any CPU
	EndGlobalSection
	GlobalSection(ProjectConfigurationPlatforms) = postSolution
		{66D110A8-7943-4400-860A-12FD9BC084DC}.Debug|Any CPU.ActiveCfg = Debug|Any CPU
		{66D110A8-7943-4400-860A-12FD9BC084DC}.Debug|Any CPU.Build.0 = Debug|Any CPU
		{66D110A8-7943-4400-860A-12FD9BC084DC}.Release|Any CPU.ActiveCfg = Release|Any CPU
		{66D110A8-7943-4400-860A-12FD9BC084DC}.Release|Any CPU.Build.0 = Release|Any CPU
	EndGlobalSection
	GlobalSection(SolutionProperties) = preSolution
		HideSolutionNode = FALSE
	EndGlobalSection
EndGlobal
